
Microsoft Visual Studio Solution File, Format Version 12.00
# Visual Studio Version 17
VisualStudioVersion = 17.5.002.0
MinimumVisualStudioVersion = 10.0.40219.1
Project("{9A19103F-16F7-4668-BE54-9A1E7A4F7556}") = "HtmxRazorComponents", "HtmxRazorComponents.csproj", "{74190D26-B7C5-4BCD-A8D1-6ADA15B7FC19}"
EndProject
Global
	GlobalSection(SolutionConfigurationPlatforms) = preSolution
		Debug|Any CPU = Debug|Any CPU
		Release|Any CPU = Release|Any CPU
	EndGlobalSection
	GlobalSection(ProjectConfigurationPlatforms) = postSolution
		{74190D26-B7C5-4BCD-A8D1-6ADA15B7FC19}.Debug|Any CPU.ActiveCfg = Debug|Any CPU
		{74190D26-B7C5-4BCD-A8D1-6ADA15B7FC19}.Debug|Any CPU.Build.0 = Debug|Any CPU
		{74190D26-B7C5-4BCD-A8D1-6ADA15B7FC19}.Release|Any CPU.ActiveCfg = Release|Any CPU
		{74190D26-B7C5-4BCD-A8D1-6ADA15B7FC19}.Release|Any CPU.Build.0 = Release|Any CPU
	EndGlobalSection
	GlobalSection(SolutionProperties) = preSolution
		HideSolutionNode = FALSE
	EndGlobalSection
	GlobalSection(ExtensibilityGlobals) = postSolution
		SolutionGuid = {F8189B61-C3BC-4C8B-ACE4-CDCD37730AFF}
	EndGlobalSection
EndGlobal
